PODS:
  - Kingfisher (5.15.5):
    - Kingfisher/Core (= 5.15.5)
  - Kingfisher/Core (5.15.5)
  - Realm (5.5.0):
    - Realm/Headers (= 5.5.0)
  - Realm/Headers (5.5.0)
  - RealmSwift (5.5.0):
    - Realm (= 5.5.0)
  - SQLite.swift (0.12.2):
    - SQLite.swift/standard (= 0.12.2)
  - SQLite.swift/standard (0.12.2)

DEPENDENCIES:
  - Kingfisher
  - RealmSwift
  - SQLite.swift

SPEC REPOS:
  trunk:
    - Kingfisher
    - Realm
    - RealmSwift
    - SQLite.swift

SPEC CHECKSUMS:
  Kingfisher: e3ec347a5ab8817b7585ef46923a2d2b9a7d8fbe
  Realm: fb399d76f44042e5cdfc630f33828fdb4d077345
  RealmSwift: 3b7e62356207ef16d34de4e55d475163bd2062bb
  SQLite.swift: d2b4642190917051ce6bd1d49aab565fe794eea3

PODFILE CHECKSUM: e06e7d9fe275a85c972f5f2de0eca3c6ce2433e8

COCOAPODS: 1.9.3
